// !$*UTF8*$!
{
	archiveVersion = 1;
	classes = {
	};
	objectVersion = 77;
	objects = {

/* Begin PBXContainerItemProxy section */
		6B4E3CF12F6EBB610094FACC /* PBXContainerItemProxy */ = {
			isa = PBXContainerItemProxy;
			containerPortal = 6B4E3CD82F6EBB600094FACC /* Project object */;
			proxyType = 1;
			remoteGlobalIDString = 6B4E3CDF2F6EBB600094FACC;
			remoteInfo = TerminatorVision;
		};
		6B4E3CFB2F6EBB610094FACC /* PBXContainerItemProxy */ = {
			isa = PBXContainerItemProxy;
			containerPortal = 6B4E3CD82F6EBB600094FACC /* Project object */;
			proxyType = 1;
			remoteGlobalIDString = 6B4E3CDF2F6EBB600094FACC;
			remoteInfo = TerminatorVision;
		};
/* End PBXContainerItemProxy section */

/* Begin PBXFileReference section */
		6B4E3CE02F6EBB600094FACC /* TerminatorVision.app */ = {isa = PBXFileReference; explicitFileType = wrapper.application; includeInIndex = 0; path = TerminatorVision.app; sourceTree = BUILT_PRODUCTS_DIR; };
		6B4E3CF02F6EBB610094FACC /* TerminatorVisionTests.xctest */ = {isa = PBXFileReference; explicitFileType = wrapper.cfbundle; includeInIndex = 0; path = TerminatorVisionTests.xctest; sourceTree = BUILT_PRODUCTS_DIR; };
		6B4E3CFA2F6EBB610094FACC /* TerminatorVisionUITests.xctest */ = {isa = PBXFileReference; explicitFileType = wrapper.cfbundle; includeInIndex = 0; path = TerminatorVisionUITests.xctest; sourceTree = BUILT_PRODUCTS_DIR; };
/* End PBXFileReference section */

/* Begin PBXFileSystemSynchronizedRootGroup section */
		6B4E3CE22F6EBB600094FACC /* TerminatorVision */ = {
			isa = PBXFileSystemSynchronizedRootGroup;
			path = TerminatorVision;
			sourceTree = "<group>";
		};
		6B4E3CF32F6EBB610094FACC /* TerminatorVisionTests */ = {
			isa = PBXFileSystemSynchronizedRootGroup;
			path = TerminatorVisionTests;
			sourceTree = "<group>";
		};
		6B4E3CFD2F6EBB610094FACC /* TerminatorVisionUITests */ = {
			isa = PBXFileSystemSynchronizedRootGroup;
			path = TerminatorVisionUITests;
			sourceTree = "<group>";
		};
/* End PBXFileSystemSynchronizedRootGroup section */

/* Begin PBXFrameworksBuildPhase section */
		6B4E3CDD2F6EBB600094FACC /* Frameworks */ = {
			isa = PBXFrameworksBuildPhase;
			buildActionMask = 2147483647;
			files = (
			);
			runOnlyForDeploymentPostprocessing = 0;
		};
		6B4E3CED2F6EBB610094FACC /* Frameworks */ = {
			isa = PBXFrameworksBuildPhase;
			buildActionMask = 2147483647;
			files = (
			);
			runOnlyForDeploymentPostprocessing = 0;
		};
		6B4E3CF72F6EBB610094FACC /* Frameworks */ = {
			isa = PBXFrameworksBuildPhase;
			buildActionMask = 2147483647;
			files = (
			);
			runOnlyForDeploymentPostprocessing = 0;
		};
/* End PBXFrameworksBuildPhase section */

/* Begin PBXGroup section */
		6B4E3CD72F6EBB600094FACC = {
			isa = PBXGroup;
			children = (
				6B4E3CE22F6EBB600094FACC /* TerminatorVision */,
				6B4E3CF32F6EBB610094FACC /* TerminatorVisionTests */,
				6B4E3CFD2F6EBB610094FACC /* TerminatorVisionUITests */,
				6B4E3CE12F6EBB600094FACC /* Products */,
			);
			sourceTree = "<group>";
		};
		6B4E3CE12F6EBB600094FACC /* Products */ = {
			isa = PBXGroup;
			children = (
				6B4E3CE02F6EBB600094FACC /* TerminatorVision.app */,
				6B4E3CF02F6EBB610094FACC /* TerminatorVisionTests.xctest */,
				6B4E3CFA2F6EBB610094FACC /* TerminatorVisionUITests.xctest */,
			);
			name = Products;
			sourceTree = "<group>";
		};
/* End PBXGroup section */

/* Begin PBXNativeTarget section */
		6B4E3CDF2F6EBB600094FACC /* TerminatorVision */ = {
			isa = PBXNativeTarget;
			buildConfigurationList = 6B4E3D042F6EBB610094FACC /* Build configuration list for PBXNativeTarget "TerminatorVision" */;
			buildPhases = (
				6B4E3CDC2F6EBB600094FACC /* Sources */,
				6B4E3CDD2F6EBB600094FACC /* Frameworks */,
				6B4E3CDE2F6EBB600094FACC /* Resources */,
			);
			buildRules = (
			);
			dependencies = (
			);
			fileSystemSynchronizedGroups = (
				6B4E3CE22F6EBB600094FACC /* TerminatorVision */,
			);
			name = TerminatorVision;
			packageProductDependencies = (
			);
			productName = TerminatorVision;
			productReference = 6B4E3CE02F6EBB600094FACC /* TerminatorVision.app */;
			productType = "com.apple.product-type.application";
		};
		6B4E3CEF2F6EBB610094FACC /* TerminatorVisionTests */ = {
			isa = PBXNativeTarget;
			buildConfigurationList = 6B4E3D072F6EBB610094FACC /* Build configuration list for PBXNativeTarget "TerminatorVisionTests" */;
			buildPhases = (
				6B4E3CEC2F6EBB610094FACC /* Sources */,
				6B4E3CED2F6EBB610094FACC /* Frameworks */,
				6B4E3CEE2F6EBB610094FACC /* Resources */,
			);
			buildRules = (
			);
			dependencies = (
				6B4E3CF22F6EBB610094FACC /* PBXTargetDependency */,
			);
			fileSystemSynchronizedGroups = (
				6B4E3CF32F6EBB610094FACC /* TerminatorVisionTests */,
			);
			name = TerminatorVisionTests;
			packageProductDependencies = (
			);
			productName = TerminatorVisionTests;
			productReference = 6B4E3CF02F6EBB610094FACC /* TerminatorVisionTests.xctest */;
			productType = "com.apple.product-type.bundle.unit-test";
		};
		6B4E3CF92F6EBB610094FACC /* TerminatorVisionUITests */ = {
			isa = PBXNativeTarget;
			buildConfigurationList = 6B4E3D0A2F6EBB610094FACC /* Build configuration list for PBXNativeTarget "TerminatorVisionUITests" */;
			buildPhases = (
				6B4E3CF62F6EBB610094FACC /* Sources */,
				6B4E3CF72F6EBB610094FACC /* Frameworks */,
				6B4E3CF82F6EBB610094FACC /* Resources */,
			);
			buildRules = (
			);
			dependencies = (
				6B4E3CFC2F6EBB610094FACC /* PBXTargetDependency */,
			);
			fileSystemSynchronizedGroups = (
				6B4E3CFD2F6EBB610094FACC /* TerminatorVisionUITests */,
			);
			name = TerminatorVisionUITests;
			packageProductDependencies = (
			);
			productName = TerminatorVisionUITests;
			productReference = 6B4E3CFA2F6EBB610094FACC /* TerminatorVisionUITests.xctest */;
			productType = "com.apple.product-type.bundle.ui-testing";
		};
/* End PBXNativeTarget section */

/* Begin PBXProject section */
		6B4E3CD82F6EBB600094FACC /* Project object */ = {
			isa = PBXProject;
			attributes = {
				BuildIndependentTargetsInParallel = 1;
				LastSwiftUpdateCheck = 1610;
				LastUpgradeCheck = 1610;
				TargetAttributes = {
					6B4E3CDF2F6EBB600094FACC = {
						CreatedOnToolsVersion = 16.1;
					};
					6B4E3CEF2F6EBB610094FACC = {
						CreatedOnToolsVersion = 16.1;
						TestTargetID = 6B4E3CDF2F6EBB600094FACC;
					};
					6B4E3CF92F6EBB610094FACC = {
						CreatedOnToolsVersion = 16.1;
						TestTargetID = 6B4E3CDF2F6EBB600094FACC;
					};
				};
			};
			buildConfigurationList = 6B4E3CDB2F6EBB600094FACC /* Build configuration list for PBXProject "TerminatorVision" */;
			developmentRegion = en;
			hasScannedForEncodings = 0;
			knownRegions = (
				en,
				Base,
			);
			mainGroup = 6B4E3CD72F6EBB600094FACC;
			minimizedProjectReferenceProxies = 1;
			preferredProjectObjectVersion = 77;
			productRefGroup = 6B4E3CE12F6EBB600094FACC /* Products */;
			projectDirPath = "";
			projectRoot = "";
			targets = (
				6B4E3CDF2F6EBB600094FACC /* TerminatorVision */,
				6B4E3CEF2F6EBB610094FACC /* TerminatorVisionTests */,
				6B4E3CF92F6EBB610094FACC /* TerminatorVisionUITests */,
			);
		};
/* End PBXProject section */

/* Begin PBXResourcesBuildPhase section */
		6B4E3CDE2F6EBB600094FACC /* Resources */ = {
			isa = PBXResourcesBuildPhase;
			buildActionMask = 2147483647;
			files = (
			);
			runOnlyForDeploymentPostprocessing = 0;
		};
		6B4E3CEE2F6EBB610094FACC /* Resources */ = {
			isa = PBXResourcesBuildPhase;
			buildActionMask = 2147483647;
			files = (
			);
			runOnlyForDeploymentPostprocessing = 0;
		};
		6B4E3CF82F6EBB610094FACC /* Resources */ = {
			isa = PBXResourcesBuildPhase;
			buildActionMask = 2147483647;
			files = (
			);
			runOnlyForDeploymentPostprocessing = 0;
		};
/* End PBXResourcesBuildPhase section */

/* Begin PBXSourcesBuildPhase section */
		6B4E3CDC2F6EBB600094FACC /* Sources */ = {
			isa = PBXSourcesBuildPhase;
			buildActionMask = 2147483647;
			files = (
			);
			runOnlyForDeploymentPostprocessing = 0;
		};
		6B4E3CEC2F6EBB610094FACC /* Sources */ = {
			isa = PBXSourcesBuildPhase;
			buildActionMask = 2147483647;
			files = (
			);
			runOnlyForDeploymentPostprocessing = 0;
		};
		6B4E3CF62F6EBB610094FACC /* Sources */ = {
			isa = PBXSourcesBuildPhase;
			buildActionMask = 2147483647;
			files = (
			);
			runOnlyForDeploymentPostprocessing = 0;
		};
/* End PBXSourcesBuildPhase section */

/* Begin PBXTargetDependency section */
		6B4E3CF22F6EBB610094FACC /* PBXTargetDependency */ = {
			isa = PBXTargetDependency;
			target = 6B4E3CDF2F6EBB600094FACC /* TerminatorVision */;
			targetProxy = 6B4E3CF12F6EBB610094FACC /* PBXContainerItemProxy */;
		};
		6B4E3CFC2F6EBB610094FACC /* PBXTargetDependency */ = {
			isa = PBXTargetDependency;
			target = 6B4E3CDF2F6EBB600094FACC /* TerminatorVision */;
			targetProxy = 6B4E3CFB2F6EBB610094FACC /* PBXContainerItemProxy */;
		};
/* End PBXTargetDependency section */

/* Begin XCBuildConfiguration section */
		6B4E3D022F6EBB610094FACC /* Debug */ = {
			isa = XCBuildConfiguration;
			buildSettings = {
				ALWAYS_SEARCH_USER_PATHS = NO;
				ASSETCATALOG_COMPILER_GENERATE_SWIFT_ASSET_SYMBOL_EXTENSIONS = YES;
				CLANG_ANALYZER_NONNULL = YES;
				CLANG_ANALYZER_NUMBER_OBJECT_CONVERSION = YES_AGGRESSIVE;
				CLANG_CXX_LANGUAGE_STANDARD = "gnu++20";
				CLANG_ENABLE_MODULES = YES;
				CLANG_ENABLE_OBJC_ARC = YES;
				CLANG_ENABLE_OBJC_WEAK = YES;
				CLANG_WARN_BLOCK_CAPTURE_AUTORELEASING = YES;
				CLANG_WARN_BOOL_CONVERSION = YES;
				CLANG_WARN_COMMA = YES;
				CLANG_WARN_CONSTANT_CONVERSION = YES;
				CLANG_WARN_DEPRECATED_OBJC_IMPLEMENTATIONS = YES;
				CLANG_WARN_DIRECT_OBJC_ISA_USAGE = YES_ERROR;
				CLANG_WARN_DOCUMENTATION_COMMENTS = YES;
				CLANG_WARN_EMPTY_BODY = YES;
				CLANG_WARN_ENUM_CONVERSION = YES;
				CLANG_WARN_INFINITE_RECURSION = YES;
				CLANG_WARN_INT_CONVERSION = YES;
				CLANG_WARN_NON_LITERAL_NULL_CONVERSION = YES;
				CLANG_WARN_OBJC_IMPLICIT_RETAIN_SELF = YES;
				CLANG_WARN_OBJC_LITERAL_CONVERSION = YES;
				CLANG_WARN_OBJC_ROOT_CLASS = YES_ERROR;
				CLANG_WARN_QUOTED_INCLUDE_IN_FRAMEWORK_HEADER = YES;
				CLANG_WARN_RANGE_LOOP_ANALYSIS = YES;
				CLANG_WARN_STRICT_PROTOTYPES = YES;
				CLANG_WARN_SUSPICIOUS_MOVE = YES;
				CLANG_WARN_UNGUARDED_AVAILABILITY = YES_AGGRESSIVE;
				CLANG_WARN_UNREACHABLE_CODE = YES;
				CLANG_WARN__DUPLICATE_METHOD_MATCH = YES;
				COPY_PHASE_STRIP = NO;
				DEBUG_INFORMATION_FORMAT = dwarf;
				ENABLE_STRICT_OBJC_MSGSEND = YES;
				ENABLE_TESTABILITY = YES;
				ENABLE_USER_SCRIPT_SANDBOXING = YES;
				GCC_C_LANGUAGE_STANDARD = gnu17;
				GCC_DYNAMIC_NO_PIC = NO;
				GCC_NO_COMMON_BLOCKS = YES;
				GCC_OPTIMIZATION_LEVEL = 0;
				GCC_PREPROCESSOR_DEFINITIONS = (
					"DEBUG=1",
					"$(inherited)",
				);
				GCC_WARN_64_TO_32_BIT_CONVERSION = YES;
				GCC_WARN_ABOUT_RETURN_TYPE = YES_ERROR;
				GCC_WARN_UNDECLARED_SELECTOR = YES;
				GCC_WARN_UNINITIALIZED_AUTOS = YES_AGGRESSIVE;
				GCC_WARN_UNUSED_FUNCTION = YES;
				GCC_WARN_UNUSED_VARIABLE = YES;
				IPHONEOS_DEPLOYMENT_TARGET = 18.1;
				LOCALIZATION_PREFERS_STRING_CATALOGS = YES;
				MTL_ENABLE_DEBUG_INFO = INCLUDE_SOURCE;
				MTL_FAST_MATH = YES;
				ONLY_ACTIVE_ARCH = YES;
				SDKROOT = iphoneos;
				SWIFT_ACTIVE_COMPILATION_CONDITIONS = "DEBUG $(inherited)";
				SWIFT_OPTIMIZATION_LEVEL = "-Onone";
			};
			name = Debug;
		};
		6B4E3D032F6EBB610094FACC /* Release */ = {
			isa = XCBuildConfiguration;
			buildSettings = {
				ALWAYS_SEARCH_USER_PATHS = NO;
				ASSETCATALOG_COMPILER_GENERATE_SWIFT_ASSET_SYMBOL_EXTENSIONS = YES;
				CLANG_ANALYZER_NONNULL = YES;
				CLANG_ANALYZER_NUMBER_OBJECT_CONVERSION = YES_AGGRESSIVE;
				CLANG_CXX_LANGUAGE_STANDARD = "gnu++20";
				CLANG_ENABLE_MODULES = YES;
				CLANG_ENABLE_OBJC_ARC = YES;
				CLANG_ENABLE_OBJC_WEAK = YES;
				CLANG_WARN_BLOCK_CAPTURE_AUTORELEASING = YES;
				CLANG_WARN_BOOL_CONVERSION = YES;
				CLANG_WARN_COMMA = YES;
				CLANG_WARN_CONSTANT_CONVERSION = YES;
				CLANG_WARN_DEPRECATED_OBJC_IMPLEMENTATIONS = YES;
				CLANG_WARN_DIRECT_OBJC_ISA_USAGE = YES_ERROR;
				CLANG_WARN_DOCUMENTATION_COMMENTS = YES;
				CLANG_WARN_EMPTY_BODY = YES;
				CLANG_WARN_ENUM_CONVERSION = YES;
				CLANG_WARN_INFINITE_RECURSION = YES;
				CLANG_WARN_INT_CONVERSION = YES;
				CLANG_WARN_NON_LITERAL_NULL_CONVERSION = YES;
				CLANG_WARN_OBJC_IMPLICIT_RETAIN_SELF = YES;
				CLANG_WARN_OBJC_LITERAL_CONVERSION = YES;
				CLANG_WARN_OBJC_ROOT_CLASS = YES_ERROR;
				CLANG_WARN_QUOTED_INCLUDE_IN_FRAMEWORK_HEADER = YES;
				CLANG_WARN_RANGE_LOOP_ANALYSIS = YES;
				CLANG_WARN_STRICT_PROTOTYPES = YES;
				CLANG_WARN_SUSPICIOUS_MOVE = YES;
				CLANG_WARN_UNGUARDED_AVAILABILITY = YES_AGGRESSIVE;
				CLANG_WARN_UNREACHABLE_CODE = YES;
				CLANG_WARN__DUPLICATE_METHOD_MATCH = YES;
				COPY_PHASE_STRIP = NO;
				DEBUG_INFORMATION_FORMAT = "dwarf-with-dsym";
				ENABLE_NS_ASSERTIONS = NO;
				ENABLE_STRICT_OBJC_MSGSEND = YES;
				ENABLE_USER_SCRIPT_SANDBOXING = YES;
				GCC_C_LANGUAGE_STANDARD = gnu17;
				GCC_NO_COMMON_BLOCKS = YES;
				GCC_WARN_64_TO_32_BIT_CONVERSION = YES;
				GCC_WARN_ABOUT_RETURN_TYPE = YES_ERROR;
				GCC_WARN_UNDECLARED_SELECTOR = YES;
				GCC_WARN_UNINITIALIZED_AUTOS = YES_AGGRESSIVE;
				GCC_WARN_UNUSED_FUNCTION = YES;
				GCC_WARN_UNUSED_VARIABLE = YES;
				IPHONEOS_DEPLOYMENT_TARGET = 18.1;
				LOCALIZATION_PREFERS_STRING_CATALOGS = YES;
				MTL_ENABLE_DEBUG_INFO = NO;
				MTL_FAST_MATH = YES;
				SDKROOT = iphoneos;
				SWIFT_COMPILATION_MODE = wholemodule;
				VALIDATE_PRODUCT = YES;
			};
			name = Release;
		};
		6B4E3D052F6EBB610094FACC /* Debug */ = {
			isa = XCBuildConfiguration;
			buildSettings = {
				ASSETCATALOG_COMPILER_APPICON_NAME = AppIcon;
				ASSETCATALOG_COMPILER_GLOBAL_ACCENT_COLOR_NAME = AccentColor;
				CODE_SIGN_STYLE = Automatic;
				CURRENT_PROJECT_VERSION = 1;
				DEVELOPMENT_ASSET_PATHS = "\"TerminatorVision/Preview Content\"";
				DEVELOPMENT_TEAM = YK9LCM3P7T;
				ENABLE_PREVIEWS = YES;
				GENERATE_INFOPLIST_FILE = YES;
				INFOPLIST_KEY_UIApplicationSceneManifest_Generation = YES;
				INFOPLIST_KEY_UIApplicationSupportsIndirectInputEvents = YES;
				INFOPLIST_KEY_UILaunchScreen_Generation = YES;
				INFOPLIST_KEY_UISupportedInterfaceOrientations_iPad = "UIInterfaceOrientationPortrait UIInterfaceOrientationPortraitUpsideDown UIInterfaceOrientationLandscapeLeft UIInterfaceOrientationLandscapeRight";
				INFOPLIST_KEY_UISupportedInterfaceOrientations_iPhone = "UIInterfaceOrientationPortrait UIInterfaceOrientationLandscapeLeft UIInterfaceOrientationLandscapeRight";
				LD_RUNPATH_SEARCH_PATHS = (
					"$(inherited)",
					"@executable_path/Frameworks",
				);
				MARKETING_VERSION = 1.0;
				PRODUCT_BUNDLE_IDENTIFIER = Syver.TerminatorVision;
				PRODUCT_NAME = "$(TARGET_NAME)";
				SWIFT_EMIT_LOC_STRINGS = YES;
				SWIFT_VERSION = 5.0;
				TARGETED_DEVICE_FAMILY = "1,2";
			};
			name = Debug;
		};
		6B4E3D062F6EBB610094FACC /* Release */ = {
			isa = XCBuildConfiguration;
			buildSettings = {
				ASSETCATALOG_COMPILER_APPICON_NAME = AppIcon;
				ASSETCATALOG_COMPILER_GLOBAL_ACCENT_COLOR_NAME = AccentColor;
				CODE_SIGN_STYLE = Automatic;
				CURRENT_PROJECT_VERSION = 1;
				DEVELOPMENT_ASSET_PATHS = "\"TerminatorVision/Preview Content\"";
				DEVELOPMENT_TEAM = YK9LCM3P7T;
				ENABLE_PREVIEWS = YES;
				GENERATE_INFOPLIST_FILE = YES;
				INFOPLIST_KEY_UIApplicationSceneManifest_Generation = YES;
				INFOPLIST_KEY_UIApplicationSupportsIndirectInputEvents = YES;
				INFOPLIST_KEY_UILaunchScreen_Generation = YES;
				INFOPLIST_KEY_UISupportedInterfaceOrientations_iPad = "UIInterfaceOrientationPortrait UIInterfaceOrientationPortraitUpsideDown UIInterfaceOrientationLandscapeLeft UIInterfaceOrientationLandscapeRight";
				INFOPLIST_KEY_UISupportedInterfaceOrientations_iPhone = "UIInterfaceOrientationPortrait UIInterfaceOrientationLandscapeLeft UIInterfaceOrientationLandscapeRight";
				LD_RUNPATH_SEARCH_PATHS = (
					"$(inherited)",
					"@executable_path/Frameworks",
				);
				MARKETING_VERSION = 1.0;
				PRODUCT_BUNDLE_IDENTIFIER = Syver.TerminatorVision;
				PRODUCT_NAME = "$(TARGET_NAME)";
				SWIFT_EMIT_LOC_STRINGS = YES;
				SWIFT_VERSION = 5.0;
				TARGETED_DEVICE_FAMILY = "1,2";
			};
			name = Release;
		};
		6B4E3D082F6EBB610094FACC /* Debug */ = {
			isa = XCBuildConfiguration;
			buildSettings = {
				BUNDLE_LOADER = "$(TEST_HOST)";
				CODE_SIGN_STYLE = Automatic;
				CURRENT_PROJECT_VERSION = 1;
				DEVELOPMENT_TEAM = YK9LCM3P7T;
				GENERATE_INFOPLIST_FILE = YES;
				IPHONEOS_DEPLOYMENT_TARGET = 18.1;
				MARKETING_VERSION = 1.0;
				PRODUCT_BUNDLE_IDENTIFIER = Syver.TerminatorVisionTests;
				PRODUCT_NAME = "$(TARGET_NAME)";
				SWIFT_EMIT_LOC_STRINGS = NO;
				SWIFT_VERSION = 5.0;
				TARGETED_DEVICE_FAMILY = "1,2";
				TEST_HOST = "$(BUILT_PRODUCTS_DIR)/TerminatorVision.app/$(BUNDLE_EXECUTABLE_FOLDER_PATH)/TerminatorVision";
			};
			name = Debug;
		};
		6B4E3D092F6EBB610094FACC /* Release */ = {
			isa = XCBuildConfiguration;
			buildSettings = {
				BUNDLE_LOADER = "$(TEST_HOST)";
				CODE_SIGN_STYLE = Automatic;
				CURRENT_PROJECT_VERSION = 1;
				DEVELOPMENT_TEAM = YK9LCM3P7T;
				GENERATE_INFOPLIST_FILE = YES;
				IPHONEOS_DEPLOYMENT_TARGET = 18.1;
				MARKETING_VERSION = 1.0;
				PRODUCT_BUNDLE_IDENTIFIER = Syver.TerminatorVisionTests;
				PRODUCT_NAME = "$(TARGET_NAME)";
				SWIFT_EMIT_LOC_STRINGS = NO;
				SWIFT_VERSION = 5.0;
				TARGETED_DEVICE_FAMILY = "1,2";
				TEST_HOST = "$(BUILT_PRODUCTS_DIR)/TerminatorVision.app/$(BUNDLE_EXECUTABLE_FOLDER_PATH)/TerminatorVision";
			};
			name = Release;
		};
		6B4E3D0B2F6EBB610094FACC /* Debug */ = {
			isa = XCBuildConfiguration;
			buildSettings = {
				CODE_SIGN_STYLE = Automatic;
				CURRENT_PROJECT_VERSION = 1;
				DEVELOPMENT_TEAM = YK9LCM3P7T;
				GENERATE_INFOPLIST_FILE = YES;
				MARKETING_VERSION = 1.0;
				PRODUCT_BUNDLE_IDENTIFIER = Syver.TerminatorVisionUITests;
				PRODUCT_NAME = "$(TARGET_NAME)";
				SWIFT_EMIT_LOC_STRINGS = NO;
				SWIFT_VERSION = 5.0;
				TARGETED_DEVICE_FAMILY = "1,2";
				TEST_TARGET_NAME = TerminatorVision;
			};
			name = Debug;
		};
		6B4E3D0C2F6EBB610094FACC /* Release */ = {
			isa = XCBuildConfiguration;
			buildSettings = {
				CODE_SIGN_STYLE = Automatic;
				CURRENT_PROJECT_VERSION = 1;
				DEVELOPMENT_TEAM = YK9LCM3P7T;
				GENERATE_INFOPLIST_FILE = YES;
				MARKETING_VERSION = 1.0;
				PRODUCT_BUNDLE_IDENTIFIER = Syver.TerminatorVisionUITests;
				PRODUCT_NAME = "$(TARGET_NAME)";
				SWIFT_EMIT_LOC_STRINGS = NO;
				SWIFT_VERSION = 5.0;
				TARGETED_DEVICE_FAMILY = "1,2";
				TEST_TARGET_NAME = TerminatorVision;
			};
			name = Release;
		};
/* End XCBuildConfiguration section */

/* Begin XCConfigurationList section */
		6B4E3CDB2F6EBB600094FACC /* Build configuration list for PBXProject "TerminatorVision" */ = {
			isa = XCConfigurationList;
			buildConfigurations = (
				6B4E3D022F6EBB610094FACC /* Debug */,
				6B4E3D032F6EBB610094FACC /* Release */,
			);
			defaultConfigurationIsVisible = 0;
			defaultConfigurationName = Release;
		};
		6B4E3D042F6EBB610094FACC /* Build configuration list for PBXNativeTarget "TerminatorVision" */ = {
			isa = XCConfigurationList;
			buildConfigurations = (
				6B4E3D052F6EBB610094FACC /* Debug */,
				6B4E3D062F6EBB610094FACC /* Release */,
			);
			defaultConfigurationIsVisible = 0;
			defaultConfigurationName = Release;
		};
		6B4E3D072F6EBB610094FACC /* Build configuration list for PBXNativeTarget "TerminatorVisionTests" */ = {
			isa = XCConfigurationList;
			buildConfigurations = (
				6B4E3D082F6EBB610094FACC /* Debug */,
				6B4E3D092F6EBB610094FACC /* Release */,
			);
			defaultConfigurationIsVisible = 0;
			defaultConfigurationName = Release;
		};
		6B4E3D0A2F6EBB610094FACC /* Build configuration list for PBXNativeTarget "TerminatorVisionUITests" */ = {
			isa = XCConfigurationList;
			buildConfigurations = (
				6B4E3D0B2F6EBB610094FACC /* Debug */,
				6B4E3D0C2F6EBB610094FACC /* Release */,
			);
			defaultConfigurationIsVisible = 0;
			defaultConfigurationName = Release;
		};
/* End XCConfigurationList section */
	};
	rootObject = 6B4E3CD82F6EBB600094FACC /* Project object */;
}
